
Microsoft Visual Studio Solution File, Format Version 12.00
# Visual Studio Version 17
VisualStudioVersion = 17.7.34031.279
MinimumVisualStudioVersion = 10.0.40219.1
Project("{9A19103F-16F7-4668-BE54-9A1E7A4F7556}") = "VideoGameTrading", "VideoGameTrading.csproj", "{DD90AB82-2BE4-4C04-B18A-7F03403D4C2D}"
EndProject
Project("{FAE04EC0-301F-11D3-BF4B-00C04F79EFBC}") = "GameTesting", "..\GameTesting\GameTesting.csproj", "{70D21079-C84A-4F01-959F-6F324CB8494A}"
EndProject
Global
	GlobalSection(SolutionConfigurationPlatforms) = preSolution
		Debug|Any CPU = Debug|Any CPU
		Release|Any CPU = Release|Any CPU
	EndGlobalSection
	GlobalSection(ProjectConfigurationPlatforms) = postSolution
		{DD90AB82-2BE4-4C04-B18A-7F03403D4C2D}.Debug|Any CPU.ActiveCfg = Debug|Any CPU
		{DD90AB82-2BE4-4C04-B18A-7F03403D4C2D}.Debug|Any CPU.Build.0 = Debug|Any CPU
		{DD90AB82-2BE4-4C04-B18A-7F03403D4C2D}.Release|Any CPU.ActiveCfg = Release|Any CPU
		{DD90AB82-2BE4-4C04-B18A-7F03403D4C2D}.Release|Any CPU.Build.0 = Release|Any CPU
		{70D21079-C84A-4F01-959F-6F324CB8494A}.Debug|Any CPU.ActiveCfg = Debug|Any CPU
		{70D21079-C84A-4F01-959F-6F324CB8494A}.Debug|Any CPU.Build.0 = Debug|Any CPU
		{70D21079-C84A-4F01-959F-6F324CB8494A}.Release|Any CPU.ActiveCfg = Release|Any CPU
		{70D21079-C84A-4F01-959F-6F324CB8494A}.Release|Any CPU.Build.0 = Release|Any CPU
	EndGlobalSection
	GlobalSection(SolutionProperties) = preSolution
		HideSolutionNode = FALSE
	EndGlobalSection
	GlobalSection(ExtensibilityGlobals) = postSolution
		SolutionGuid = {1AD20E12-F6DE-4D42-849C-BF4AAC07258E}
	EndGlobalSection
EndGlobal
